
Microsoft Visual Studio Solution File, Format Version 12.00
# Visual Studio 15
VisualStudioVersion = 15.0.28307.705
MinimumVisualStudioVersion = 10.0.40219.1
Project("{FAE04EC0-301F-11D3-BF4B-00C04F79EFBC}") = "GeneticAlgorithm", "GeneticAlgorithm\GeneticAlgorithm.csproj", "{DCE34153-E160-46DC-B891-113E0B33C620}"
EndProject
Global
	GlobalSection(SolutionConfigurationPlatforms) = preSolution
		Debug|Any CPU = Debug|Any CPU
		Release|Any CPU = Release|Any CPU
	EndGlobalSection
	GlobalSection(ProjectConfigurationPlatforms) = postSolution
		{DCE34153-E160-46DC-B891-113E0B33C620}.Debug|Any CPU.ActiveCfg = Debug|Any CPU
		{DCE34153-E160-46DC-B891-113E0B33C620}.Debug|Any CPU.Build.0 = Debug|Any CPU
		{DCE34153-E160-46DC-B891-113E0B33C620}.Release|Any CPU.ActiveCfg = Release|Any CPU
		{DCE34153-E160-46DC-B891-113E0B33C620}.Release|Any CPU.Build.0 = Release|Any CPU
	EndGlobalSection
	GlobalSection(SolutionProperties) = preSolution
		HideSolutionNode = FALSE
	EndGlobalSection
	GlobalSection(ExtensibilityGlobals) = postSolution
		SolutionGuid = {E0106CAD-9D39-4AE0-B6DC-B889561E7AB4}
	EndGlobalSection
EndGlobal
